{
  "name": "ngx-feature-flag",
  "version": "0.0.1",
  "lockfileVersion": 1,
  "requires": true,
  "dependencies": {
    "@auth0/angular-jwt": {
      "version": "2.0.0",
      "resolved": "https://registry.npmjs.org/@auth0/angular-jwt/-/angular-jwt-2.0.0.tgz",
      "integrity": "sha512-RVlXFpcqQ+9uCpzboU7Tm1ubaRVO2FrR5+RYuwHtTT4BXquVMEwOSbAuuaArFud/kMc00XYoGgiP1JkCfOAfpA==",
      "requires": {
        "url": "^0.11.0"
      }
    },
    "@swimlane/ngx-datatable": {
      "version": "13.1.0",
      "resolved": "https://registry.npmjs.org/@swimlane/ngx-datatable/-/ngx-datatable-13.1.0.tgz",
      "integrity": "sha512-UJRXbRkLDq9oweY/ZlmU5X7MtnD3+7/nuCBx2cvsbkDKj6cECy+m1O/EfAGEh5++zZ55QWmX4rj7nM4G9pst/w==",
      "optional": true
    },
    "@types/c3": {
      "version": "0.6.2",
      "resolved": "https://registry.npmjs.org/@types/c3/-/c3-0.6.2.tgz",
      "integrity": "sha512-l86MGOQLqwMkxU0WzEVGCtsQsGBHSFGMWXSu+cFr+wYcIkUAjQhp5ANluTWgGtltNadaGwyv33Qwwzfq0QKaIg==",
      "optional": true,
      "requires": {
        "@types/d3": "^4"
      }
    },
    "@types/d3": {
      "version": "4.13.1",
      "resolved": "https://registry.npmjs.org/@types/d3/-/d3-4.13.1.tgz",
      "integrity": "sha512-aJDD18fjLurxior2/3aZ+Trvu5kcCEwoujGGt6LrLXsdxv9KR1gCeJQOve7tUwvSQhrIUsXNfTHhXNnfRxnyaA==",
      "optional": true,
      "requires": {
        "@types/d3-array": "*",
        "@types/d3-axis": "*",
        "@types/d3-brush": "*",
        "@types/d3-chord": "*",
        "@types/d3-collection": "*",
        "@types/d3-color": "*",
        "@types/d3-dispatch": "*",
        "@types/d3-drag": "*",
        "@types/d3-dsv": "*",
        "@types/d3-ease": "*",
        "@types/d3-force": "*",
        "@types/d3-format": "*",
        "@types/d3-geo": "*",
        "@types/d3-hierarchy": "*",
        "@types/d3-interpolate": "*",
        "@types/d3-path": "*",
        "@types/d3-polygon": "*",
        "@types/d3-quadtree": "*",
        "@types/d3-queue": "*",
        "@types/d3-random": "*",
        "@types/d3-request": "*",
        "@types/d3-scale": "^1",
        "@types/d3-selection": "*",
        "@types/d3-shape": "*",
        "@types/d3-time": "*",
        "@types/d3-time-format": "*",
        "@types/d3-timer": "*",
        "@types/d3-transition": "*",
        "@types/d3-voronoi": "*",
        "@types/d3-zoom": "*"
      }
    },
    "@types/d3-array": {
      "version": "1.2.4",
      "resolved": "https://registry.npmjs.org/@types/d3-array/-/d3-array-1.2.4.tgz",
      "integrity": "sha512-3r1fOAAb+SGfcOGXty/LGvoP0ovMec4UtGNUyHOSzYyvSGpmt+eNMxLowol/3HryusevznSfcHZebEShXMwsZA==",
      "optional": true
    },
    "@types/d3-axis": {
      "version": "1.0.11",
      "resolved": "https://registry.npmjs.org/@types/d3-axis/-/d3-axis-1.0.11.tgz",
      "integrity": "sha512-cuigApCyCwYJxaQPghj+BqaxzbdRdT/lpZBMtF7EuEIJ61NMQ8yvGnqFvHCIgJEmUu2Wb2wiZqy9kiHi3Ddftg==",
      "optional": true,
      "requires": {
        "@types/d3-selection": "*"
      }
    },
    "@types/d3-brush": {
      "version": "1.0.9",
      "resolved": "https://registry.npmjs.org/@types/d3-brush/-/d3-brush-1.0.9.tgz",
      "integrity": "sha512-mAx8IVc0luUHfk51pl0UN1vzybnAzLMUsvIwLt3fbsqqPkSXr+Pu1AxOPPeyNc27LhHJnfH/LCV7Jlv+Yzqu1A==",
      "optional": true,
      "requires": {
        "@types/d3-selection": "*"
      }
    },
    "@types/d3-chord": {
      "version": "1.0.8",
      "resolved": "https://registry.npmjs.org/@types/d3-chord/-/d3-chord-1.0.8.tgz",
      "integrity": "sha512-F0ftYOo7FenAIxsRjXLt8vbij0NLDuVcL+xaGY7R9jUmF2Mrpj1T5XukBI9Cad+Ei7YSxEWREIO+CYcaKCl2qQ==",
      "optional": true
    },
    "@types/d3-collection": {
      "version": "1.0.7",
      "resolved": "https://registry.npmjs.org/@types/d3-collection/-/d3-collection-1.0.7.tgz",
      "integrity": "sha512-vR3BT0GwHc5y93Jv6bxn3zoxP/vGu+GdXu/r1ApjbP9dLk9I2g6NiV7iP/QMQSuFZd0It0n/qWrfXHxCWwHIkg==",
      "optional": true
    },
    "@types/d3-color": {
      "version": "1.2.1",
      "resolved": "https://registry.npmjs.org/@types/d3-color/-/d3-color-1.2.1.tgz",
      "integrity": "sha512-xwb1tqvYNWllbHuhMFhiXk63Imf+QNq/dJdmbXmr2wQVnwGenCuj3/0IWJ9hdIFQIqzvhT7T37cvx93jtAsDbQ=="
    },
    "@types/d3-dispatch": {
      "version": "1.0.6",
      "resolved": "https://registry.npmjs.org/@types/d3-dispatch/-/d3-dispatch-1.0.6.tgz",
      "integrity": "sha512-xyWJQMr832vqhu6fD/YqX+MSFBWnkxasNhcStvlhqygXxj0cKqPft0wuGoH5TIq5ADXgP83qeNVa4R7bEYN3uA==",
      "optional": true
    },
    "@types/d3-drag": {
      "version": "1.2.1",
      "resolved": "https://registry.npmjs.org/@types/d3-drag/-/d3-drag-1.2.1.tgz",
      "integrity": "sha512-J9liJ4NNeV0oN40MzPiqwWjqNi3YHCRtHNfNMZ1d3uL9yh1+vDuo346LBEr8yyBm30WHvrHssAkExVZrGCswtA==",
      "optional": true,
      "requires": {
        "@types/d3-selection": "*"
      }
    },
    "@types/d3-dsv": {
      "version": "1.0.34",
      "resolved": "https://registry.npmjs.org/@types/d3-dsv/-/d3-dsv-1.0.34.tgz",
      "integrity": "sha512-/grhPLPFJ17GxH18EB8OSOlqcsLahz1xlKb08cVUu3OP83wBPxfoX2otVvLJDTL6BEP0kyTNsA2SdGrRhWwSBQ=="
    },
    "@types/d3-ease": {
      "version": "1.0.7",
      "resolved": "https://registry.npmjs.org/@types/d3-ease/-/d3-ease-1.0.7.tgz",
      "integrity": "sha1-k6MBhovp4VBh89RDQ7GrP4rLbwk=",
      "optional": true
    },
    "@types/d3-force": {
      "version": "1.1.1",
      "resolved": "https://registry.npmjs.org/@types/d3-force/-/d3-force-1.1.1.tgz",
      "integrity": "sha512-ePkELuaFWY4yOuf+Bvx5Xd+ihFiYG4bdnW0BlvigovIm8Sob2t76e9RGO6lybQbv6AlW9Icn9HuZ9fmdzEoJyg==",
      "optional": true
    },
    "@types/d3-format": {
      "version": "1.3.0",
      "resolved": "https://registry.npmjs.org/@types/d3-format/-/d3-format-1.3.0.tgz",
      "integrity": "sha512-ZiY4j3iJvAdOwzwW24WjlZbUNvqOsnPAMfPBmdXqxj3uKJbrzBlRrdGl5uC89pZpFs9Dc92E81KcwG2uEgkIZA==",
      "optional": true
    },
    "@types/d3-geo": {
      "version": "1.10.3",
      "resolved": "https://registry.npmjs.org/@types/d3-geo/-/d3-geo-1.10.3.tgz",
      "integrity": "sha512-hfdaxM2L0wA9mDZrrSf2o+DyhEpnJYCiAN+lHFtpfZOVCQrYBA5g33sGRpUbAvjSMyO5jkHbftMWPEhuCMChSg==",
      "optional": true,
      "requires": {
        "@types/geojson": "*"
      }
    },
    "@types/d3-hierarchy": {
      "version": "1.1.4",
      "resolved": "https://registry.npmjs.org/@types/d3-hierarchy/-/d3-hierarchy-1.1.4.tgz",
      "integrity": "sha512-+d2VLfLPgW66VB7k56T8tC4LobfS6Rrhm+1pmYPMmlCpO5rccJLuwux7YXl/eGVst3Bhb5PJTN5/oaJERpNw8g==",
      "optional": true
    },
    "@types/d3-interpolate": {
      "version": "1.3.0",
      "resolved": "https://registry.npmjs.org/@types/d3-interpolate/-/d3-interpolate-1.3.0.tgz",
      "integrity": "sha512-Ng4ds7kPSvP/c3W3J5PPUQlgewif1tGBqCeh5lgY+UG82Y7H9zQ8c2gILsEFDLg7wRGOwnuKZ940Q/LSN14w9w==",
      "requires": {
        "@types/d3-color": "*"
      }
    },
    "@types/d3-path": {
      "version": "1.0.7",
      "resolved": "https://registry.npmjs.org/@types/d3-path/-/d3-path-1.0.7.tgz",
      "integrity": "sha512-U8dFRG+8WhkLJr2sxZ9Cw/5WeRgBnNqMxGdA1+Z0+ZG6tK0s75OQ4OXnxeyfKuh6E4wQPY8OAKr1+iNDx01BEQ=="
    },
    "@types/d3-polygon": {
      "version": "1.0.6",
      "resolved": "https://registry.npmjs.org/@types/d3-polygon/-/d3-polygon-1.0.6.tgz",
      "integrity": "sha512-E6Kyodn9JThgLq20nxSbEce9ow5/ePgm9PX2EO6W1INIL4DayM7cFaiG10DStuamjYAd0X4rntW2q+GRjiIktw==",
      "optional": true
    },
    "@types/d3-quadtree": {
      "version": "1.0.6",
      "resolved": "https://registry.npmjs.org/@types/d3-quadtree/-/d3-quadtree-1.0.6.tgz",
      "integrity": "sha512-sphVuDdiSIaxLt9kQgebJW98pTktQ/xuN7Ysd8X68Rnjeg/q8+c36/ShlqU52qoKg9nob/JEHH1uQMdxURZidQ==",
      "optional": true
    },
    "@types/d3-queue": {
      "version": "3.0.7",
      "resolved": "https://registry.npmjs.org/@types/d3-queue/-/d3-queue-3.0.7.tgz",
      "integrity": "sha512-nBbDO69wu1TUWqtGYAePw40jSPcQSt5VwAf7403vYopVCs3Rtbt5f47j2wbuMY4Z2x543VbTIlDo5gwdpV5O+Q==",
      "optional": true
    },
    "@types/d3-random": {
      "version": "1.1.1",
      "resolved": "https://registry.npmjs.org/@types/d3-random/-/d3-random-1.1.1.tgz",
      "integrity": "sha512-jUPeBq1XKK9/5XasTvy5QAUwFeMsjma2yt/nP02yC2Tijovx7i/W5776U/HZugxc5SSmtpx4Z3g9KFVon0QrjQ==",
      "optional": true
    },
    "@types/d3-request": {
      "version": "1.0.3",
      "resolved": "https://registry.npmjs.org/@types/d3-request/-/d3-request-1.0.3.tgz",
      "integrity": "sha512-bopZVggPNk7RYeuktk8LA5wmqA+9wDZPA+g4kX79sHScjNR85cSDg9oK26k8QBtbCld+/gMD44aSzRRVWjkxGw==",
      "optional": true,
      "requires": {
        "@types/d3-dsv": "*"
      }
    },
    "@types/d3-scale": {
      "version": "1.0.14",
      "resolved": "https://registry.npmjs.org/@types/d3-scale/-/d3-scale-1.0.14.tgz",
      "integrity": "sha512-dW6Ii8bH+10klJzVVPPeeQvRpCbX3BO3x9cLTngu/+lXNDbk2uC51aFAA/XhocehZroaG5ajwAFelMFsgpClMg==",
      "optional": true,
      "requires": {
        "@types/d3-time": "*"
      }
    },
    "@types/d3-selection": {
      "version": "1.3.3",
      "resolved": "https://registry.npmjs.org/@types/d3-selection/-/d3-selection-1.3.3.tgz",
      "integrity": "sha512-GG/wKHmbXakO/7UOmc9o/VUOEROQBcCF9X5YPbSOA31O1c0/ZdUA0tirPKAIyO48BbNgFxO9EMbxjEEbAS5unA=="
    },
    "@types/d3-shape": {
      "version": "1.2.5",
      "resolved": "https://registry.npmjs.org/@types/d3-shape/-/d3-shape-1.2.5.tgz",
      "integrity": "sha512-Y1eq7rtWhfc6iix1e2dWqrqwSoedzK/Skg2cCgjzeb3a9wQWNWZXTCEceIDEZ9EvDynufxRDADM49QM8bYidvQ==",
      "optional": true,
      "requires": {
        "@types/d3-path": "*"
      }
    },
    "@types/d3-time": {
      "version": "1.0.9",
      "resolved": "https://registry.npmjs.org/@types/d3-time/-/d3-time-1.0.9.tgz",
      "integrity": "sha512-m+D4NbQdDlTVaO7QgXAnatR3IDxQYDMBtRhgSCi5rs9R1LPq1y7/2aqa1FJ2IWjFm1mOV63swDxonnCDlHgHMA=="
    },
    "@types/d3-time-format": {
      "version": "2.1.0",
      "resolved": "https://registry.npmjs.org/@types/d3-time-format/-/d3-time-format-2.1.0.tgz",
      "integrity": "sha512-/myT3I7EwlukNOX2xVdMzb8FRgNzRMpsZddwst9Ld/VFe6LyJyRp0s32l/V9XoUzk+Gqu56F/oGk6507+8BxrA==",
      "optional": true
    },
    "@types/d3-timer": {
      "version": "1.0.8",
      "resolved": "https://registry.npmjs.org/@types/d3-timer/-/d3-timer-1.0.8.tgz",
      "integrity": "sha512-AKUgQ/nljUFcUO2P3gK24weVI5XwUTdJvjoh8gJ0yxT4aJ+d7t2Or3TB+k9dEYl14BAjoj32D0ky+YzQSVszfg==",
      "optional": true
    },
    "@types/d3-transition": {
      "version": "1.1.3",
      "resolved": "https://registry.npmjs.org/@types/d3-transition/-/d3-transition-1.1.3.tgz",
      "integrity": "sha512-1EukXNuVu/z2G1GZpZagzFJnie9C5zze17ox/vhTgGXNy46rYAm4UkhLLlUeeZ1ndq88k95SOeC8898RpKMLOQ==",
      "optional": true,
      "requires": {
        "@types/d3-selection": "*"
      }
    },
    "@types/d3-voronoi": {
      "version": "1.1.8",
      "resolved": "https://registry.npmjs.org/@types/d3-voronoi/-/d3-voronoi-1.1.8.tgz",
      "integrity": "sha512-zqNhW7QsYQGlfOdrwPNPG3Wk64zUa4epKRurkJ/dVc6oeXrB+iTDt8sRZ0KZKOOXvvfa1dcdB0e45TZeLBiodQ==",
      "optional": true
    },
    "@types/d3-zoom": {
      "version": "1.7.2",
      "resolved": "https://registry.npmjs.org/@types/d3-zoom/-/d3-zoom-1.7.2.tgz",
      "integrity": "sha512-/ORNUzQ0g7h2f34L/hD1o+IytOjpNLwEf403yKmYAA+z3LC8eCH6xCKaCc0weuCWwiaZ2UqBW41Y6ciqjd+ndQ==",
      "optional": true,
      "requires": {
        "@types/d3-interpolate": "*",
        "@types/d3-selection": "*"
      }
    },
    "@types/geojson": {
      "version": "7946.0.4",
      "resolved": "https://registry.npmjs.org/@types/geojson/-/geojson-7946.0.4.tgz",
      "integrity": "sha512-MHmwBtCb7OCv1DSivz2UNJXPGU/1btAWRKlqJ2saEhVJkpkvqHMMaOpKg0v4sAbDWSQekHGvPVMM8nQ+Jen03Q==",
      "optional": true
    },
    "atoa": {
      "version": "1.0.0",
      "resolved": "https://registry.npmjs.org/atoa/-/atoa-1.0.0.tgz",
      "integrity": "sha1-DMDpGkgOc4+SPrwQNnZHF3mzSkk=",
      "optional": true
    },
    "bootstrap": {
      "version": "3.3.7",
      "resolved": "http://registry.npmjs.org/bootstrap/-/bootstrap-3.3.7.tgz",
      "integrity": "sha1-WjiTlFSfIzMIdaOxUGVldPip63E=",
      "dev": true
    },
    "bootstrap-datepicker": {
      "version": "1.8.0",
      "resolved": "https://registry.npmjs.org/bootstrap-datepicker/-/bootstrap-datepicker-1.8.0.tgz",
      "integrity": "sha512-213St/G8KT3mjs4qu4qwww74KWysMaIeqgq5OhrboZjIjemIpyuxlSo9FNNI5+KzpkkxkRRba+oewiRGV42B1A==",
      "optional": true,
      "requires": {
        "jquery": ">=1.7.1 <4.0.0"
      }
    },
    "bootstrap-sass": {
      "version": "3.3.7",
      "resolved": "https://registry.npmjs.org/bootstrap-sass/-/bootstrap-sass-3.3.7.tgz",
      "integrity": "sha1-ZZbHq0D2Y3OTMjqwvIDQZPxjBJg=",
      "optional": true
    },
    "bootstrap-select": {
      "version": "1.12.2",
      "resolved": "https://registry.npmjs.org/bootstrap-select/-/bootstrap-select-1.12.2.tgz",
      "integrity": "sha1-WNCVs/1YSzFEOGb745tv3U5OEqQ=",
      "optional": true,
      "requires": {
        "jquery": ">=1.8"
      }
    },
    "bootstrap-slider": {
      "version": "9.10.0",
      "resolved": "https://registry.npmjs.org/bootstrap-slider/-/bootstrap-slider-9.10.0.tgz",
      "integrity": "sha1-EQPWvADPv6jPyaJZmrUYxVZD2j8=",
      "optional": true
    },
    "bootstrap-switch": {
      "version": "3.3.4",
      "resolved": "https://registry.npmjs.org/bootstrap-switch/-/bootstrap-switch-3.3.4.tgz",
      "integrity": "sha1-cOCusqh3wNx2aZHeEI4hcPwpov8=",
      "optional": true
    },
    "bootstrap-touchspin": {
      "version": "3.1.1",
      "resolved": "https://registry.npmjs.org/bootstrap-touchspin/-/bootstrap-touchspin-3.1.1.tgz",
      "integrity": "sha1-l3nerHKq9Xfl52K4USx0fIcdlZc=",
      "optional": true
    },
    "c3": {
      "version": "0.4.23",
      "resolved": "https://registry.npmjs.org/c3/-/c3-0.4.23.tgz",
      "integrity": "sha512-fI6hbx1QoATU0gRQtPWsUGWX+ssXhxGH1ogew32KjVmGHFE4WmfmBkh+RkuHDoeCIoGFon7XTpKcwUZpBGW4mQ==",
      "optional": true,
      "requires": {
        "d3": "~3.5.0"
      }
    },
    "contra": {
      "version": "1.9.4",
      "resolved": "https://registry.npmjs.org/contra/-/contra-1.9.4.tgz",
      "integrity": "sha1-9TveQtfltZhcrk2ZqNYQUm3o8o0=",
      "optional": true,
      "requires": {
        "atoa": "1.0.0",
        "ticky": "1.0.1"
      }
    },
    "crossvent": {
      "version": "1.5.4",
      "resolved": "https://registry.npmjs.org/crossvent/-/crossvent-1.5.4.tgz",
      "integrity": "sha1-2ixPj0DJR4JRe/K+7BBEFIGUq5I=",
      "optional": true,
      "requires": {
        "custom-event": "1.0.0"
      }
    },
    "custom-event": {
      "version": "1.0.0",
      "resolved": "https://registry.npmjs.org/custom-event/-/custom-event-1.0.0.tgz",
      "integrity": "sha1-LkYovhncSyFLXAJjDFlx6BFhgGI=",
      "optional": true
    },
    "d3": {
      "version": "3.5.17",
      "resolved": "https://registry.npmjs.org/d3/-/d3-3.5.17.tgz",
      "integrity": "sha1-vEZ0gAQ3iyGjYMn8fPUjF5B2L7g=",
      "optional": true
    },
    "datatables.net": {
      "version": "1.10.19",
      "resolved": "https://registry.npmjs.org/datatables.net/-/datatables.net-1.10.19.tgz",
      "integrity": "sha512-+ljXcI6Pj3PTGy5pesp3E5Dr3x3AV45EZe0o1r0gKENN2gafBKXodVnk2ypKwl2tTmivjxbkiqoWnipTefyBTA==",
      "requires": {
        "jquery": ">=1.7"
      }
    },
    "datatables.net-bs": {
      "version": "1.10.19",
      "resolved": "https://registry.npmjs.org/datatables.net-bs/-/datatables.net-bs-1.10.19.tgz",
      "integrity": "sha512-5gxoI2n+duZP06+4xVC2TtH6zcY369/TRKTZ1DdSgDcDUl4OYQsrXCuaLJmbVzna/5Y5lrMmK7CxgvYgIynICA==",
      "optional": true,
      "requires": {
        "datatables.net": "1.10.19",
        "jquery": ">=1.7"
      }
    },
    "datatables.net-colreorder": {
      "version": "1.5.1",
      "resolved": "https://registry.npmjs.org/datatables.net-colreorder/-/datatables.net-colreorder-1.5.1.tgz",
      "integrity": "sha512-nKV0ZBOdOG+CCrtDZZlTOvhu9NC53pr4rYR8Xhd3KIKipLZohWWdBoOFGMu+VKDvllg2Xj79oS/wicYSiNyteA==",
      "optional": true,
      "requires": {
        "datatables.net": "^1.10.15",
        "jquery": ">=1.7"
      }
    },
    "datatables.net-colreorder-bs": {
      "version": "1.3.3",
      "resolved": "https://registry.npmjs.org/datatables.net-colreorder-bs/-/datatables.net-colreorder-bs-1.3.3.tgz",
      "integrity": "sha1-Op3LCN7r612FQHlZHgbkk615OlM=",
      "optional": true,
      "requires": {
        "datatables.net-bs": ">=1.10.9",
        "datatables.net-colreorder": ">=1.2.0",
        "jquery": ">=1.7"
      }
    },
    "datatables.net-select": {
      "version": "1.2.7",
      "resolved": "https://registry.npmjs.org/datatables.net-select/-/datatables.net-select-1.2.7.tgz",
      "integrity": "sha512-C3XDi7wpruGjDXV36dc9hN/FrAX9GOFvBZ7+KfKJTBNkGFbbhdzHS91SMeGiwRXPYivAyxfPTcVVndVaO83uBQ==",
      "optional": true,
      "requires": {
        "datatables.net": "^1.10.15",
        "jquery": ">=1.7"
      }
    },
    "dragula": {
      "version": "3.7.2",
      "resolved": "https://registry.npmjs.org/dragula/-/dragula-3.7.2.tgz",
      "integrity": "sha1-SjXJ05gf+sGpScKcpyhQWOhzk84=",
      "optional": true,
      "requires": {
        "contra": "1.9.4",
        "crossvent": "1.5.4"
      }
    },
    "drmonty-datatables-colvis": {
      "version": "1.1.2",
      "resolved": "https://registry.npmjs.org/drmonty-datatables-colvis/-/drmonty-datatables-colvis-1.1.2.tgz",
      "integrity": "sha1-lque37SGQ8wu3aP4e4iTPN7oEnw=",
      "optional": true,
      "requires": {
        "jquery": ">=1.7.0"
      }
    },
    "eonasdan-bootstrap-datetimepicker": {
      "version": "4.17.47",
      "resolved": "https://registry.npmjs.org/eonasdan-bootstrap-datetimepicker/-/eonasdan-bootstrap-datetimepicker-4.17.47.tgz",
      "integrity": "sha1-ekmXAEQGUnbnll79Fvgic1IZ5zU=",
      "optional": true,
      "requires": {
        "bootstrap": "^3.3",
        "jquery": "^1.8.3 || ^2.0 || ^3.0",
        "moment": "^2.10",
        "moment-timezone": "^0.4.0"
      },
      "dependencies": {
        "bootstrap": {
          "version": "3.3.7",
          "resolved": "http://registry.npmjs.org/bootstrap/-/bootstrap-3.3.7.tgz",
          "integrity": "sha1-WjiTlFSfIzMIdaOxUGVldPip63E=",
          "optional": true
        }
      }
    },
    "font-awesome": {
      "version": "4.7.0",
      "resolved": "https://registry.npmjs.org/font-awesome/-/font-awesome-4.7.0.tgz",
      "integrity": "sha1-j6jPBBGhoxr9B7BtKQK7n8gVoTM="
    },
    "font-awesome-sass": {
      "version": "4.7.0",
      "resolved": "https://registry.npmjs.org/font-awesome-sass/-/font-awesome-sass-4.7.0.tgz",
      "integrity": "sha1-TtppPpFQCc4Asijglk3F7Km8NOE=",
      "optional": true
    },
    "google-code-prettify": {
      "version": "1.0.5",
      "resolved": "https://registry.npmjs.org/google-code-prettify/-/google-code-prettify-1.0.5.tgz",
      "integrity": "sha1-n0d/Ik2/piNy5e+AOn4VdBBAAIQ=",
      "optional": true
    },
    "jquery": {
      "version": "3.2.1",
      "resolved": "https://registry.npmjs.org/jquery/-/jquery-3.2.1.tgz",
      "integrity": "sha1-XE2d5lKvbNCncBVKYxu6ErAVx4c="
    },
    "jquery-match-height": {
      "version": "0.7.2",
      "resolved": "https://registry.npmjs.org/jquery-match-height/-/jquery-match-height-0.7.2.tgz",
      "integrity": "sha1-+NnzulMU2qsQnPB0CGdL4gS+Xw4=",
      "optional": true
    },
    "lodash": {
      "version": "4.17.11",
      "resolved": "https://registry.npmjs.org/lodash/-/lodash-4.17.11.tgz",
      "integrity": "sha512-cQKh8igo5QUhZ7lg38DYWAxMvjSAKG0A8wGSVimP07SIUEK2UO+arSRKbRZWtelMtN5V0Hkwh5ryOto/SshYIg=="
    },
    "moment": {
      "version": "2.22.2",
      "resolved": "https://registry.npmjs.org/moment/-/moment-2.22.2.tgz",
      "integrity": "sha1-PCV/mDn8DpP/UxSWMiOeuQeD/2Y="
    },
    "moment-timezone": {
      "version": "0.4.1",
      "resolved": "http://registry.npmjs.org/moment-timezone/-/moment-timezone-0.4.1.tgz",
      "integrity": "sha1-gfWYw61eIs2teWtn7NjYjQ9bqgY=",
      "optional": true,
      "requires": {
        "moment": ">= 2.6.0"
      }
    },
    "ng2-dragula": {
      "version": "1.5.0",
      "resolved": "https://registry.npmjs.org/ng2-dragula/-/ng2-dragula-1.5.0.tgz",
      "integrity": "sha512-uSVq66Rv+ZhDLBGYCGZ7mTaseP7rvYJOijiQZlzfy8dxL614Sw7rhtnLqvK8nqa3tI/wVv8CEGZaZkMnWJokwQ==",
      "optional": true,
      "requires": {
        "dragula": "^3.7.2"
      }
    },
    "ngx-base": {
      "version": "4.0.0",
      "resolved": "https://registry.npmjs.org/ngx-base/-/ngx-base-4.0.0.tgz",
      "integrity": "sha512-GmxnTwed6dgZIwZ90hhTkcCaiGGNmt2w1kQR1xNCxckA7878ThYPByam9igWIR7InX/KJ6JWDxiW4V5TpFENcg=="
    },
    "ngx-bootstrap": {
      "version": "3.0.1",
      "resolved": "https://registry.npmjs.org/ngx-bootstrap/-/ngx-bootstrap-3.0.1.tgz",
      "integrity": "sha512-ni91yYtn8ldgf/pxrlwl9lkVcLURGzopSpJnEbbgG1v1EZWTobI8y7J3mx4Kxptkn0EeiQwnLel67G7XJSox4A==",
      "optional": true
    },
    "ngx-login-client": {
      "version": "2.7.0",
      "resolved": "https://registry.npmjs.org/ngx-login-client/-/ngx-login-client-2.7.0.tgz",
      "integrity": "sha512-NU9BDvdXZGZyo/j8NV4iXqPACHR94uHbsACgKiVKwYWOLi9NdF3ZGhnHaIIHgNWQfnDMAV9Chxi+NL8G9V+RGw==",
      "requires": {
        "@auth0/angular-jwt": "^2.0.0",
        "lodash": "^4.17.10"
      }
    },
    "patternfly": {
      "version": "3.58.0",
      "resolved": "https://registry.npmjs.org/patternfly/-/patternfly-3.58.0.tgz",
      "integrity": "sha512-geY0cbSFXoi9qv9cXCZe0OPCZBuLCuPKfEPXk0usTHjYSk5oUv3KMMuAJidbsbtXqc6vnDYjGfngepIlJ99rfg==",
      "requires": {
        "@types/c3": "^0.6.0",
        "bootstrap": "~3.3.7",
        "bootstrap-datepicker": "^1.7.1",
        "bootstrap-sass": "^3.3.7",
        "bootstrap-select": "1.12.2",
        "bootstrap-slider": "^9.9.0",
        "bootstrap-switch": "~3.3.4",
        "bootstrap-touchspin": "~3.1.1",
        "c3": "~0.4.11",
        "d3": "~3.5.17",
        "datatables.net": "^1.10.15",
        "datatables.net-colreorder": "^1.4.1",
        "datatables.net-colreorder-bs": "~1.3.2",
        "datatables.net-select": "~1.2.0",
        "drmonty-datatables-colvis": "~1.1.2",
        "eonasdan-bootstrap-datetimepicker": "^4.17.47",
        "font-awesome": "^4.7.0",
        "font-awesome-sass": "^4.7.0",
        "google-code-prettify": "~1.0.5",
        "jquery": "~3.2.1",
        "jquery-match-height": "^0.7.2",
        "moment": "^2.19.1",
        "moment-timezone": "^0.4.1",
        "patternfly-bootstrap-combobox": "~1.1.7",
        "patternfly-bootstrap-treeview": "~2.1.0"
      },
      "dependencies": {
        "bootstrap": {
          "version": "3.3.7",
          "resolved": "http://registry.npmjs.org/bootstrap/-/bootstrap-3.3.7.tgz",
          "integrity": "sha1-WjiTlFSfIzMIdaOxUGVldPip63E="
        }
      }
    },
    "patternfly-bootstrap-combobox": {
      "version": "1.1.7",
      "resolved": "https://registry.npmjs.org/patternfly-bootstrap-combobox/-/patternfly-bootstrap-combobox-1.1.7.tgz",
      "integrity": "sha1-al48zRFwwhs8S0qhaKdBPh3btuE=",
      "optional": true
    },
    "patternfly-bootstrap-treeview": {
      "version": "2.1.7",
      "resolved": "https://registry.npmjs.org/patternfly-bootstrap-treeview/-/patternfly-bootstrap-treeview-2.1.7.tgz",
      "integrity": "sha512-wQgM+CvsiEpu9kdyviP+uTHxRT7bceimS0AVoClUaUYYGHbJ604EVt0Lmtwebtw/+ia3DHL99pu7qhGvZR830Q==",
      "optional": true,
      "requires": {
        "bootstrap": "3.3.x",
        "jquery": ">= 2.1.x"
      },
      "dependencies": {
        "bootstrap": {
          "version": "3.3.7",
          "resolved": "http://registry.npmjs.org/bootstrap/-/bootstrap-3.3.7.tgz",
          "integrity": "sha1-WjiTlFSfIzMIdaOxUGVldPip63E=",
          "optional": true
        }
      }
    },
    "patternfly-ng": {
      "version": "4.5.1",
      "resolved": "https://registry.npmjs.org/patternfly-ng/-/patternfly-ng-4.5.1.tgz",
      "integrity": "sha512-WUaokUMbu7itKgRBsGGA5+njcFFe6tDsJiztBXj92y29dsYyDm3FIlki0KQ/2NPTl73gkQhvvlzlJdputQn68Q==",
      "requires": {
        "@swimlane/ngx-datatable": "^13.0.0",
        "c3": "^0.4.15",
        "lodash": "^4.17.10",
        "ng2-dragula": "^1.5.0",
        "ngx-bootstrap": "^3.0.0",
        "patternfly": "^3.28.0"
      }
    },
    "punycode": {
      "version": "1.3.2",
      "resolved": "https://registry.npmjs.org/punycode/-/punycode-1.3.2.tgz",
      "integrity": "sha1-llOgNvt8HuQjQvIyXM7v6jkmxI0="
    },
    "querystring": {
      "version": "0.2.0",
      "resolved": "https://registry.npmjs.org/querystring/-/querystring-0.2.0.tgz",
      "integrity": "sha1-sgmEkgO7Jd+CDadW50cAWHhSFiA="
    },
    "ticky": {
      "version": "1.0.1",
      "resolved": "https://registry.npmjs.org/ticky/-/ticky-1.0.1.tgz",
      "integrity": "sha1-t8+nHnaPHJAAxJe5FRswlHxQ5G0=",
      "optional": true
    },
    "url": {
      "version": "0.11.0",
      "resolved": "https://registry.npmjs.org/url/-/url-0.11.0.tgz",
      "integrity": "sha1-ODjpfPxgUh63PFJajlW/3Z4uKPE=",
      "requires": {
        "punycode": "1.3.2",
        "querystring": "0.2.0"
      }
    }
  }
}
